
Microsoft Visual Studio Solution File, Format Version 12.00
# Visual Studio Version 17
VisualStudioVersion = 17.7.34221.43
MinimumVisualStudioVersion = 10.0.40219.1
Project("{FAE04EC0-301F-11D3-BF4B-00C04F79EFBC}") = "Northwind.MSSQL", "Northwind.MSSQL.csproj", "{A52D8752-DA18-41CB-B717-9060E1B1D5F5}"
EndProject
Global
	GlobalSection(SolutionConfigurationPlatforms) = preSolution
		Debug|Any CPU = Debug|Any CPU
		Release|Any CPU = Release|Any CPU
	EndGlobalSection
	GlobalSection(ProjectConfigurationPlatforms) = postSolution
		{A52D8752-DA18-41CB-B717-9060E1B1D5F5}.Debug|Any CPU.ActiveCfg = Debug|Any CPU
		{A52D8752-DA18-41CB-B717-9060E1B1D5F5}.Debug|Any CPU.Build.0 = Debug|Any CPU
		{A52D8752-DA18-41CB-B717-9060E1B1D5F5}.Release|Any CPU.ActiveCfg = Release|Any CPU
		{A52D8752-DA18-41CB-B717-9060E1B1D5F5}.Release|Any CPU.Build.0 = Release|Any CPU
	EndGlobalSection
	GlobalSection(SolutionProperties) = preSolution
		HideSolutionNode = FALSE
	EndGlobalSection
	GlobalSection(ExtensibilityGlobals) = postSolution
		SolutionGuid = {26EA038F-7878-4A26-BDAE-0204B1396F7A}
	EndGlobalSection
EndGlobal
